// !$*UTF8*$!
{
	archiveVersion = 1;
	classes = {
	};
	objectVersion = 50;
	objects = {

/* Begin PBXBuildFile section */
		F62F4C8423B3508100D03EE9 /* Position.swift in Sources */ = {isa = PBXBuildFile; fileRef = F62F4C8323B3508100D03EE9 /* Position.swift */; };
		F62F4C8623B3618C00D03EE9 /* Player.swift in Sources */ = {isa = PBXBuildFile; fileRef = F62F4C8523B3618C00D03EE9 /* Player.swift */; };
		F62F4C8823B3D91F00D03EE9 /* GameMode.swift in Sources */ = {isa = PBXBuildFile; fileRef = F62F4C8723B3D91F00D03EE9 /* GameMode.swift */; };
		F62F4C8A23B5365000D03EE9 /* CheckWinPositionDelegate.swift in Sources */ = {isa = PBXBuildFile; fileRef = F62F4C8923B5365000D03EE9 /* CheckWinPositionDelegate.swift */; };
		F62F4C8D23B5643A00D03EE9 /* NPC.swift in Sources */ = {isa = PBXBuildFile; fileRef = F62F4C8C23B5643A00D03EE9 /* NPC.swift */; };
		F63803A423B984BB00F151AA /* MainPageViewController.swift in Sources */ = {isa = PBXBuildFile; fileRef = F63803A323B984BB00F151AA /* MainPageViewController.swift */; };
		F6D5C14C23AA06DF00B46F9B /* AppDelegate.swift in Sources */ = {isa = PBXBuildFile; fileRef = F6D5C14B23AA06DF00B46F9B /* AppDelegate.swift */; };
		F6D5C15023AA06DF00B46F9B /* ViewController.swift in Sources */ = {isa = PBXBuildFile; fileRef = F6D5C14F23AA06DF00B46F9B /* ViewController.swift */; };
		F6D5C15323AA06DF00B46F9B /* Main.storyboard in Resources */ = {isa = PBXBuildFile; fileRef = F6D5C15123AA06DF00B46F9B /* Main.storyboard */; };
		F6D5C15523AA06E100B46F9B /* Assets.xcassets in Resources */ = {isa = PBXBuildFile; fileRef = F6D5C15423AA06E100B46F9B /* Assets.xcassets */; };
		F6D5C15823AA06E100B46F9B /* LaunchScreen.storyboard in Resources */ = {isa = PBXBuildFile; fileRef = F6D5C15623AA06E100B46F9B /* LaunchScreen.storyboard */; };
/* End PBXBuildFile section */

/* Begin PBXFileReference section */
		F62F4C8323B3508100D03EE9 /* Position.swift */ = {isa = PBXFileReference; lastKnownFileType = sourcecode.swift; path = Position.swift; sourceTree = "<group>"; };
		F62F4C8523B3618C00D03EE9 /* Player.swift */ = {isa = PBXFileReference; lastKnownFileType = sourcecode.swift; path = Player.swift; sourceTree = "<group>"; };
		F62F4C8723B3D91F00D03EE9 /* GameMode.swift */ = {isa = PBXFileReference; lastKnownFileType = sourcecode.swift; path = GameMode.swift; sourceTree = "<group>"; };
		F62F4C8923B5365000D03EE9 /* CheckWinPositionDelegate.swift */ = {isa = PBXFileReference; lastKnownFileType = sourcecode.swift; path = CheckWinPositionDelegate.swift; sourceTree = "<group>"; };
		F62F4C8C23B5643A00D03EE9 /* NPC.swift */ = {isa = PBXFileReference; lastKnownFileType = sourcecode.swift; path = NPC.swift; sourceTree = "<group>"; };
		F63803A323B984BB00F151AA /* MainPageViewController.swift */ = {isa = PBXFileReference; lastKnownFileType = sourcecode.swift; path = MainPageViewController.swift; sourceTree = "<group>"; };
		F6D5C14823AA06DF00B46F9B /* TicTacToe.app */ = {isa = PBXFileReference; explicitFileType = wrapper.application; includeInIndex = 0; path = TicTacToe.app; sourceTree = BUILT_PRODUCTS_DIR; };
		F6D5C14B23AA06DF00B46F9B /* AppDelegate.swift */ = {isa = PBXFileReference; lastKnownFileType = sourcecode.swift; path = AppDelegate.swift; sourceTree = "<group>"; };
		F6D5C14F23AA06DF00B46F9B /* ViewController.swift */ = {isa = PBXFileReference; lastKnownFileType = sourcecode.swift; path = ViewController.swift; sourceTree = "<group>"; };
		F6D5C15223AA06DF00B46F9B /* Base */ = {isa = PBXFileReference; lastKnownFileType = file.storyboard; name = Base; path = Base.lproj/Main.storyboard; sourceTree = "<group>"; };
		F6D5C15423AA06E100B46F9B /* Assets.xcassets */ = {isa = PBXFileReference; lastKnownFileType = folder.assetcatalog; path = Assets.xcassets; sourceTree = "<group>"; };
		F6D5C15723AA06E100B46F9B /* Base */ = {isa = PBXFileReference; lastKnownFileType = file.storyboard; name = Base; path = Base.lproj/LaunchScreen.storyboard; sourceTree = "<group>"; };
		F6D5C15923AA06E100B46F9B /* Info.plist */ = {isa = PBXFileReference; lastKnownFileType = text.plist.xml; path = Info.plist; sourceTree = "<group>"; };
/* End PBXFileReference section */

/* Begin PBXFrameworksBuildPhase section */
		F6D5C14523AA06DF00B46F9B /* Frameworks */ = {
			isa = PBXFrameworksBuildPhase;
			buildActionMask = 2147483647;
			files = (
			);
			runOnlyForDeploymentPostprocessing = 0;
		};
/* End PBXFrameworksBuildPhase section */

/* Begin PBXGroup section */
		F63803A823B9900B00F151AA /* ViewController */ = {
			isa = PBXGroup;
			children = (
				F6D5C14F23AA06DF00B46F9B /* ViewController.swift */,
				F63803A323B984BB00F151AA /* MainPageViewController.swift */,
			);
			path = ViewController;
			sourceTree = "<group>";
		};
		F6D5C13F23AA06DF00B46F9B = {
			isa = PBXGroup;
			children = (
				F6D5C14A23AA06DF00B46F9B /* TicTacToe */,
				F6D5C14923AA06DF00B46F9B /* Products */,
			);
			sourceTree = "<group>";
		};
		F6D5C14923AA06DF00B46F9B /* Products */ = {
			isa = PBXGroup;
			children = (
				F6D5C14823AA06DF00B46F9B /* TicTacToe.app */,
			);
			name = Products;
			sourceTree = "<group>";
		};
		F6D5C14A23AA06DF00B46F9B /* TicTacToe */ = {
			isa = PBXGroup;
			children = (
				F6D5C14B23AA06DF00B46F9B /* AppDelegate.swift */,
				F6D5C15123AA06DF00B46F9B /* Main.storyboard */,
				F6D5C15423AA06E100B46F9B /* Assets.xcassets */,
				F6D5C15623AA06E100B46F9B /* LaunchScreen.storyboard */,
				F6D5C15923AA06E100B46F9B /* Info.plist */,
				F63803A823B9900B00F151AA /* ViewController */,
				F62F4C8523B3618C00D03EE9 /* Player.swift */,
				F62F4C8323B3508100D03EE9 /* Position.swift */,
				F62F4C8723B3D91F00D03EE9 /* GameMode.swift */,
				F62F4C8923B5365000D03EE9 /* CheckWinPositionDelegate.swift */,
				F62F4C8C23B5643A00D03EE9 /* NPC.swift */,
			);
			path = TicTacToe;
			sourceTree = "<group>";
		};
/* End PBXGroup section */

/* Begin PBXNativeTarget section */
		F6D5C14723AA06DF00B46F9B /* TicTacToe */ = {
			isa = PBXNativeTarget;
			buildConfigurationList = F6D5C15C23AA06E100B46F9B /* Build configuration list for PBXNativeTarget "TicTacToe" */;
			buildPhases = (
				F6D5C14423AA06DF00B46F9B /* Sources */,
				F6D5C14523AA06DF00B46F9B /* Frameworks */,
				F6D5C14623AA06DF00B46F9B /* Resources */,
			);
			buildRules = (
			);
			dependencies = (
			);
			name = TicTacToe;
			productName = TicTacToe;
			productReference = F6D5C14823AA06DF00B46F9B /* TicTacToe.app */;
			productType = "com.apple.product-type.application";
		};
/* End PBXNativeTarget section */

/* Begin PBXProject section */
		F6D5C14023AA06DF00B46F9B /* Project object */ = {
			isa = PBXProject;
			attributes = {
				LastSwiftUpdateCheck = 1110;
				LastUpgradeCheck = 1110;
				ORGANIZATIONNAME = "Jason Chow";
				TargetAttributes = {
					F6D5C14723AA06DF00B46F9B = {
						CreatedOnToolsVersion = 11.1;
					};
				};
			};
			buildConfigurationList = F6D5C14323AA06DF00B46F9B /* Build configuration list for PBXProject "TicTacToe" */;
			compatibilityVersion = "Xcode 9.3";
			developmentRegion = en;
			hasScannedForEncodings = 0;
			knownRegions = (
				en,
				Base,
			);
			mainGroup = F6D5C13F23AA06DF00B46F9B;
			productRefGroup = F6D5C14923AA06DF00B46F9B /* Products */;
			projectDirPath = "";
			projectRoot = "";
			targets = (
				F6D5C14723AA06DF00B46F9B /* TicTacToe */,
			);
		};
/* End PBXProject section */

/* Begin PBXResourcesBuildPhase section */
		F6D5C14623AA06DF00B46F9B /* Resources */ = {
			isa = PBXResourcesBuildPhase;
			buildActionMask = 2147483647;
			files = (
				F6D5C15823AA06E100B46F9B /* LaunchScreen.storyboard in Resources */,
				F6D5C15523AA06E100B46F9B /* Assets.xcassets in Resources */,
				F6D5C15323AA06DF00B46F9B /* Main.storyboard in Resources */,
			);
			runOnlyForDeploymentPostprocessing = 0;
		};
/* End PBXResourcesBuildPhase section */

/* Begin PBXSourcesBuildPhase section */
		F6D5C14423AA06DF00B46F9B /* Sources */ = {
			isa = PBXSourcesBuildPhase;
			buildActionMask = 2147483647;
			files = (
				F6D5C15023AA06DF00B46F9B /* ViewController.swift in Sources */,
				F6D5C14C23AA06DF00B46F9B /* AppDelegate.swift in Sources */,
				F62F4C8823B3D91F00D03EE9 /* GameMode.swift in Sources */,
				F62F4C8423B3508100D03EE9 /* Position.swift in Sources */,
				F62F4C8623B3618C00D03EE9 /* Player.swift in Sources */,
				F62F4C8D23B5643A00D03EE9 /* NPC.swift in Sources */,
				F62F4C8A23B5365000D03EE9 /* CheckWinPositionDelegate.swift in Sources */,
				F63803A423B984BB00F151AA /* MainPageViewController.swift in Sources */,
			);
			runOnlyForDeploymentPostprocessing = 0;
		};
/* End PBXSourcesBuildPhase section */

/* Begin PBXVariantGroup section */
		F6D5C15123AA06DF00B46F9B /* Main.storyboard */ = {
			isa = PBXVariantGroup;
			children = (
				F6D5C15223AA06DF00B46F9B /* Base */,
			);
			name = Main.storyboard;
			sourceTree = "<group>";
		};
		F6D5C15623AA06E100B46F9B /* LaunchScreen.storyboard */ = {
			isa = PBXVariantGroup;
			children = (
				F6D5C15723AA06E100B46F9B /* Base */,
			);
			name = LaunchScreen.storyboard;
			sourceTree = "<group>";
		};
/* End PBXVariantGroup section */

/* Begin XCBuildConfiguration section */
		F6D5C15A23AA06E100B46F9B /* Debug */ = {
			isa = XCBuildConfiguration;
			buildSettings = {
				ALWAYS_SEARCH_USER_PATHS = NO;
				CLANG_ANALYZER_NONNULL = YES;
				CLANG_ANALYZER_NUMBER_OBJECT_CONVERSION = YES_AGGRESSIVE;
				CLANG_CXX_LANGUAGE_STANDARD = "gnu++14";
				CLANG_CXX_LIBRARY = "libc++";
				CLANG_ENABLE_MODULES = YES;
				CLANG_ENABLE_OBJC_ARC = YES;
				CLANG_ENABLE_OBJC_WEAK = YES;
				CLANG_WARN_BLOCK_CAPTURE_AUTORELEASING = YES;
				CLANG_WARN_BOOL_CONVERSION = YES;
				CLANG_WARN_COMMA = YES;
				CLANG_WARN_CONSTANT_CONVERSION = YES;
				CLANG_WARN_DEPRECATED_OBJC_IMPLEMENTATIONS = YES;
				CLANG_WARN_DIRECT_OBJC_ISA_USAGE = YES_ERROR;
				CLANG_WARN_DOCUMENTATION_COMMENTS = YES;
				CLANG_WARN_EMPTY_BODY = YES;
				CLANG_WARN_ENUM_CONVERSION = YES;
				CLANG_WARN_INFINITE_RECURSION = YES;
				CLANG_WARN_INT_CONVERSION = YES;
				CLANG_WARN_NON_LITERAL_NULL_CONVERSION = YES;
				CLANG_WARN_OBJC_IMPLICIT_RETAIN_SELF = YES;
				CLANG_WARN_OBJC_LITERAL_CONVERSION = YES;
				CLANG_WARN_OBJC_ROOT_CLASS = YES_ERROR;
				CLANG_WARN_RANGE_LOOP_ANALYSIS = YES;
				CLANG_WARN_STRICT_PROTOTYPES = YES;
				CLANG_WARN_SUSPICIOUS_MOVE = YES;
				CLANG_WARN_UNGUARDED_AVAILABILITY = YES_AGGRESSIVE;
				CLANG_WARN_UNREACHABLE_CODE = YES;
				CLANG_WARN__DUPLICATE_METHOD_MATCH = YES;
				COPY_PHASE_STRIP = NO;
				DEBUG_INFORMATION_FORMAT = dwarf;
				ENABLE_STRICT_OBJC_MSGSEND = YES;
				ENABLE_TESTABILITY = YES;
				GCC_C_LANGUAGE_STANDARD = gnu11;
				GCC_DYNAMIC_NO_PIC = NO;
				GCC_NO_COMMON_BLOCKS = YES;
				GCC_OPTIMIZATION_LEVEL = 0;
				GCC_PREPROCESSOR_DEFINITIONS = (
					"DEBUG=1",
					"$(inherited)",
				);
				GCC_WARN_64_TO_32_BIT_CONVERSION = YES;
				GCC_WARN_ABOUT_RETURN_TYPE = YES_ERROR;
				GCC_WARN_UNDECLARED_SELECTOR = YES;
				GCC_WARN_UNINITIALIZED_AUTOS = YES_AGGRESSIVE;
				GCC_WARN_UNUSED_FUNCTION = YES;
				GCC_WARN_UNUSED_VARIABLE = YES;
				IPHONEOS_DEPLOYMENT_TARGET = 13.1;
				MTL_ENABLE_DEBUG_INFO = INCLUDE_SOURCE;
				MTL_FAST_MATH = YES;
				ONLY_ACTIVE_ARCH = YES;
				SDKROOT = iphoneos;
				SWIFT_ACTIVE_COMPILATION_CONDITIONS = DEBUG;
				SWIFT_OPTIMIZATION_LEVEL = "-Onone";
			};
			name = Debug;
		};
		F6D5C15B23AA06E100B46F9B /* Release */ = {
			isa = XCBuildConfiguration;
			buildSettings = {
				ALWAYS_SEARCH_USER_PATHS = NO;
				CLANG_ANALYZER_NONNULL = YES;
				CLANG_ANALYZER_NUMBER_OBJECT_CONVERSION = YES_AGGRESSIVE;
				CLANG_CXX_LANGUAGE_STANDARD = "gnu++14";
				CLANG_CXX_LIBRARY = "libc++";
				CLANG_ENABLE_MODULES = YES;
				CLANG_ENABLE_OBJC_ARC = YES;
				CLANG_ENABLE_OBJC_WEAK = YES;
				CLANG_WARN_BLOCK_CAPTURE_AUTORELEASING = YES;
				CLANG_WARN_BOOL_CONVERSION = YES;
				CLANG_WARN_COMMA = YES;
				CLANG_WARN_CONSTANT_CONVERSION = YES;
				CLANG_WARN_DEPRECATED_OBJC_IMPLEMENTATIONS = YES;
				CLANG_WARN_DIRECT_OBJC_ISA_USAGE = YES_ERROR;
				CLANG_WARN_DOCUMENTATION_COMMENTS = YES;
				CLANG_WARN_EMPTY_BODY = YES;
				CLANG_WARN_ENUM_CONVERSION = YES;
				CLANG_WARN_INFINITE_RECURSION = YES;
				CLANG_WARN_INT_CONVERSION = YES;
				CLANG_WARN_NON_LITERAL_NULL_CONVERSION = YES;
				CLANG_WARN_OBJC_IMPLICIT_RETAIN_SELF = YES;
				CLANG_WARN_OBJC_LITERAL_CONVERSION = YES;
				CLANG_WARN_OBJC_ROOT_CLASS = YES_ERROR;
				CLANG_WARN_RANGE_LOOP_ANALYSIS = YES;
				CLANG_WARN_STRICT_PROTOTYPES = YES;
				CLANG_WARN_SUSPICIOUS_MOVE = YES;
				CLANG_WARN_UNGUARDED_AVAILABILITY = YES_AGGRESSIVE;
				CLANG_WARN_UNREACHABLE_CODE = YES;
				CLANG_WARN__DUPLICATE_METHOD_MATCH = YES;
				COPY_PHASE_STRIP = NO;
				DEBUG_INFORMATION_FORMAT = "dwarf-with-dsym";
				ENABLE_NS_ASSERTIONS = NO;
				ENABLE_STRICT_OBJC_MSGSEND = YES;
				GCC_C_LANGUAGE_STANDARD = gnu11;
				GCC_NO_COMMON_BLOCKS = YES;
				GCC_WARN_64_TO_32_BIT_CONVERSION = YES;
				GCC_WARN_ABOUT_RETURN_TYPE = YES_ERROR;
				GCC_WARN_UNDECLARED_SELECTOR = YES;
				GCC_WARN_UNINITIALIZED_AUTOS = YES_AGGRESSIVE;
				GCC_WARN_UNUSED_FUNCTION = YES;
				GCC_WARN_UNUSED_VARIABLE = YES;
				IPHONEOS_DEPLOYMENT_TARGET = 13.1;
				MTL_ENABLE_DEBUG_INFO = NO;
				MTL_FAST_MATH = YES;
				SDKROOT = iphoneos;
				SWIFT_COMPILATION_MODE = wholemodule;
				SWIFT_OPTIMIZATION_LEVEL = "-O";
				VALIDATE_PRODUCT = YES;
			};
			name = Release;
		};
		F6D5C15D23AA06E100B46F9B /* Debug */ = {
			isa = XCBuildConfiguration;
			buildSettings = {
				ASSETCATALOG_COMPILER_APPICON_NAME = AppIcon;
				CODE_SIGN_STYLE = Automatic;
				DEVELOPMENT_TEAM = B68X3NBKC6;
				INFOPLIST_FILE = TicTacToe/Info.plist;
				LD_RUNPATH_SEARCH_PATHS = (
					"$(inherited)",
					"@executable_path/Frameworks",
				);
				PRODUCT_BUNDLE_IDENTIFIER = JChowCH.TicTacToe;
				PRODUCT_NAME = "$(TARGET_NAME)";
				SWIFT_VERSION = 5.0;
				TARGETED_DEVICE_FAMILY = "1,2";
			};
			name = Debug;
		};
		F6D5C15E23AA06E100B46F9B /* Release */ = {
			isa = XCBuildConfiguration;
			buildSettings = {
				ASSETCATALOG_COMPILER_APPICON_NAME = AppIcon;
				CODE_SIGN_STYLE = Automatic;
				DEVELOPMENT_TEAM = B68X3NBKC6;
				INFOPLIST_FILE = TicTacToe/Info.plist;
				LD_RUNPATH_SEARCH_PATHS = (
					"$(inherited)",
					"@executable_path/Frameworks",
				);
				PRODUCT_BUNDLE_IDENTIFIER = JChowCH.TicTacToe;
				PRODUCT_NAME = "$(TARGET_NAME)";
				SWIFT_VERSION = 5.0;
				TARGETED_DEVICE_FAMILY = "1,2";
			};
			name = Release;
		};
/* End XCBuildConfiguration section */

/* Begin XCConfigurationList section */
		F6D5C14323AA06DF00B46F9B /* Build configuration list for PBXProject "TicTacToe" */ = {
			isa = XCConfigurationList;
			buildConfigurations = (
				F6D5C15A23AA06E100B46F9B /* Debug */,
				F6D5C15B23AA06E100B46F9B /* Release */,
			);
			defaultConfigurationIsVisible = 0;
			defaultConfigurationName = Release;
		};
		F6D5C15C23AA06E100B46F9B /* Build configuration list for PBXNativeTarget "TicTacToe" */ = {
			isa = XCConfigurationList;
			buildConfigurations = (
				F6D5C15D23AA06E100B46F9B /* Debug */,
				F6D5C15E23AA06E100B46F9B /* Release */,
			);
			defaultConfigurationIsVisible = 0;
			defaultConfigurationName = Release;
		};
/* End XCConfigurationList section */
	};
	rootObject = F6D5C14023AA06DF00B46F9B /* Project object */;
}
